{
  "name": "Search Engine project",
  "lockfileVersion": 2,
  "requires": true,
  "packages": {
    "": {
      "dependencies": {
        "fs": "^0.0.1-security",
        "stopword": "^2.0.2",
        "words-n-numbers": "^7.1.1"
      }
    },
    "node_modules/fs": {
      "version": "0.0.1-security",
      "resolved": "https://registry.npmjs.org/fs/-/fs-0.0.1-security.tgz",
      "integrity": "sha512-3XY9e1pP0CVEUCdj5BmfIZxRBTSDycnbqhIOGec9QYtmVH2fbLpj86CFWkrNOkt/Fvty4KZG5lTglL9j/gJ87w=="
    },
    "node_modules/stopword": {
      "version": "2.0.2",
      "resolved": "https://registry.npmjs.org/stopword/-/stopword-2.0.2.tgz",
      "integrity": "sha512-CzXIXl2lt6wHfZ+RNjzlFpO63y7NtT4HBbKqWQvQ4dvutM/US5tGrAYKNMV05SdyudimyuNiIUD0/IQDMq8YNw=="
    },
    "node_modules/words-n-numbers": {
      "version": "7.1.1",
      "resolved": "https://registry.npmjs.org/words-n-numbers/-/words-n-numbers-7.1.1.tgz",
      "integrity": "sha512-RKpyUqXWzBYKLNaVGEZTPJcbFU4ViwqUL8NJ8+wUeM92mPZFei8/YB7bPv9n8qD7arjm2TZeakRcwRH+pzMp1Q=="
    }
  },
  "dependencies": {
    "fs": {
      "version": "0.0.1-security",
      "resolved": "https://registry.npmjs.org/fs/-/fs-0.0.1-security.tgz",
      "integrity": "sha512-3XY9e1pP0CVEUCdj5BmfIZxRBTSDycnbqhIOGec9QYtmVH2fbLpj86CFWkrNOkt/Fvty4KZG5lTglL9j/gJ87w=="
    },
    "stopword": {
      "version": "2.0.2",
      "resolved": "https://registry.npmjs.org/stopword/-/stopword-2.0.2.tgz",
      "integrity": "sha512-CzXIXl2lt6wHfZ+RNjzlFpO63y7NtT4HBbKqWQvQ4dvutM/US5tGrAYKNMV05SdyudimyuNiIUD0/IQDMq8YNw=="
    },
    "words-n-numbers": {
      "version": "7.1.1",
      "resolved": "https://registry.npmjs.org/words-n-numbers/-/words-n-numbers-7.1.1.tgz",
      "integrity": "sha512-RKpyUqXWzBYKLNaVGEZTPJcbFU4ViwqUL8NJ8+wUeM92mPZFei8/YB7bPv9n8qD7arjm2TZeakRcwRH+pzMp1Q=="
    }
  }
}
